<?xml version="1.0" encoding="utf-8"?>
<Project ToolsVersion="4.0" xmlns="http://schemas.microsoft.com/developer/msbuild/2003">
  <ItemGroup>
    <Filter Include="Исходные файлы">
      <UniqueIdentifier>{4FC737F1-C7A5-4376-A066-2A32D752A2FF}</UniqueIdentifier>
      <Extensions>cpp;c;cc;cxx;c++;cppm;ixx;def;odl;idl;hpj;bat;asm;asmx</Extensions>
    </Filter>
    <Filter Include="Файлы заголовков">
      <UniqueIdentifier>{93995380-89BD-4b04-88EB-625FBE52EBFB}</UniqueIdentifier>
      <Extensions>h;hh;hpp;hxx;h++;hm;inl;inc;ipp;xsd</Extensions>
    </Filter>
    <Filter Include="Файлы ресурсов">
      <UniqueIdentifier>{67DA6AB6-F800-4c08-8B7A-83BB121AAD01}</UniqueIdentifier>
      <Extensions>rc;ico;cur;bmp;dlg;rc2;rct;bin;rgs;gif;jpg;jpeg;jpe;resx;tiff;tif;png;wav;mfcribbon-ms</Extensions>
    </Filter>
    <Filter Include="Файлы заголовков\Frontend">
      <UniqueIdentifier>{6c784d2c-6298-49fc-a8b9-3d8b4b7396b1}</UniqueIdentifier>
    </Filter>
    <Filter Include="Файлы заголовков\CompilationInfo">
      <UniqueIdentifier>{89e51601-31db-47f1-a27e-333b96e2796d}</UniqueIdentifier>
    </Filter>
    <Filter Include="Файлы заголовков\IR">
      <UniqueIdentifier>{7fcfbc38-1186-4f45-95f3-110a05c7fb3f}</UniqueIdentifier>
    </Filter>
    <Filter Include="Исходные файлы\Frontend">
      <UniqueIdentifier>{4c18463e-a133-4fd8-b259-37eee89f93e1}</UniqueIdentifier>
    </Filter>
    <Filter Include="Исходные файлы\IR">
      <UniqueIdentifier>{a5122ebe-85cd-49cc-acd9-5ae3da4dedf0}</UniqueIdentifier>
    </Filter>
    <Filter Include="Исходные файлы\Info">
      <UniqueIdentifier>{00627044-c00b-449f-9b4d-30126ea702a4}</UniqueIdentifier>
    </Filter>
    <Filter Include="Файлы заголовков\IR\Pseudo">
      <UniqueIdentifier>{9f2cbeec-a771-4e9e-9c43-8864fdf627b4}</UniqueIdentifier>
    </Filter>
    <Filter Include="Файлы заголовков\Info">
      <UniqueIdentifier>{4fec9a16-d6fe-495c-8fea-ed200c5e9f4b}</UniqueIdentifier>
    </Filter>
    <Filter Include="Файлы заголовков\IR\Byte">
      <UniqueIdentifier>{79c2cefb-79ae-4d2f-8a7f-a9d633b708ae}</UniqueIdentifier>
    </Filter>
    <Filter Include="Исходные файлы\IR\Pseudo">
      <UniqueIdentifier>{a6d8a5d0-a6fe-4ac8-bba7-3f2f738cd0ea}</UniqueIdentifier>
    </Filter>
    <Filter Include="Исходные файлы\IR\Byte">
      <UniqueIdentifier>{c0e57add-0c95-4d9a-9834-ae8fcdf49b06}</UniqueIdentifier>
    </Filter>
  </ItemGroup>
  <ItemGroup>
    <ClCompile Include="MSLC.cpp">
      <Filter>Исходные файлы</Filter>
    </ClCompile>
    <ClCompile Include="source\Compiler.cpp">
      <Filter>Исходные файлы</Filter>
    </ClCompile>
    <ClCompile Include="source\AST\ASTBuilder.cpp">
      <Filter>Исходные файлы\Frontend</Filter>
    </ClCompile>
    <ClCompile Include="source\Preprocessing\AMGBuilder.cpp">
      <Filter>Исходные файлы\Frontend</Filter>
    </ClCompile>
    <ClCompile Include="source\Tokenization\Lexer.cpp">
      <Filter>Исходные файлы\Frontend</Filter>
    </ClCompile>
    <ClCompile Include="source\Preprocessing\MacrosInfo.cpp">
      <Filter>Исходные файлы\Frontend</Filter>
    </ClCompile>
    <ClCompile Include="source\Preprocessing\Preprocessor.cpp">
      <Filter>Исходные файлы\Frontend</Filter>
    </ClCompile>
    <ClCompile Include="source\CompilationInfo\CompilationState.cpp">
      <Filter>Исходные файлы\Info</Filter>
    </ClCompile>
    <ClCompile Include="source\Common\Diagnostics\Diagnostics.cpp">
      <Filter>Исходные файлы\Info</Filter>
    </ClCompile>
    <ClCompile Include="source\Definitions\ValueContainer.cpp">
      <Filter>Исходные файлы\Info</Filter>
    </ClCompile>
    <ClCompile Include="source\IR\PseudoTranslation\Postfix\APSTBuilder.cpp">
      <Filter>Исходные файлы\IR\Pseudo</Filter>
    </ClCompile>
    <ClCompile Include="source\IR\PseudoTranslation\ExpressionsTranslator.cpp">
      <Filter>Исходные файлы\IR\Pseudo</Filter>
    </ClCompile>
    <ClCompile Include="source\IR\PseudoTranslation\Postfix\PostfixBuilder.cpp">
      <Filter>Исходные файлы\IR\Pseudo</Filter>
    </ClCompile>
    <ClCompile Include="source\IR\PseudoTranslation\PseudoDebugInfo.cpp">
      <Filter>Исходные файлы\IR\Pseudo</Filter>
    </ClCompile>
    <ClCompile Include="source\IR\PseudoTranslation\PseudoTranslator.cpp">
      <Filter>Исходные файлы\IR\Pseudo</Filter>
    </ClCompile>
    <ClCompile Include="source\IR\ByteTranslation\ByteTranslator.cpp">
      <Filter>Исходные файлы\IR\Byte</Filter>
    </ClCompile>
  </ItemGroup>
  <ItemGroup>
    <ClInclude Include="include\Preprocessing\AMGBuilder.hpp">
      <Filter>Файлы заголовков\Frontend</Filter>
    </ClInclude>
    <ClInclude Include="include\Preprocessing\Preprocessor.hpp">
      <Filter>Файлы заголовков\Frontend</Filter>
    </ClInclude>
    <ClInclude Include="include\Syntax\StringContants.hpp">
      <Filter>Файлы заголовков\Frontend</Filter>
    </ClInclude>
    <ClInclude Include="include\Tokenization\TokensInfo.hpp">
      <Filter>Файлы заголовков\Frontend</Filter>
    </ClInclude>
    <ClInclude Include="include\Definitions\ValueContainer.hpp">
      <Filter>Файлы заголовков\Frontend</Filter>
    </ClInclude>
    <ClInclude Include="include\Tokenization\Lexer.hpp">
      <Filter>Файлы заголовков\Frontend</Filter>
    </ClInclude>
    <ClInclude Include="include\Preprocessing\MacrosInfo.hpp">
      <Filter>Файлы заголовков\Frontend</Filter>
    </ClInclude>
    <ClInclude Include="include\AST\ASTBuilder.hpp">
      <Filter>Файлы заголовков\Frontend</Filter>
    </ClInclude>
    <ClInclude Include="include\CompilationInfo\CompilationState.hpp">
      <Filter>Файлы заголовков\CompilationInfo</Filter>
    </ClInclude>
    <ClInclude Include="include\CompilationInfo\Types.hpp">
      <Filter>Файлы заголовков\CompilationInfo</Filter>
    </ClInclude>
    <ClInclude Include="include\CompilationInfo\Functions.hpp">
      <Filter>Файлы заголовков\CompilationInfo</Filter>
    </ClInclude>
    <ClInclude Include="include\CompilationInfo\CommonInfo.hpp">
      <Filter>Файлы заголовков\CompilationInfo</Filter>
    </ClInclude>
    <ClInclude Include="include\CompilationInfo\Variables.hpp">
      <Filter>Файлы заголовков\CompilationInfo</Filter>
    </ClInclude>
    <ClInclude Include="include\Definitions\ChunkArray.hpp">
      <Filter>Файлы заголовков\Info</Filter>
    </ClInclude>
    <ClInclude Include="include\Definitions\CommonEnums.hpp">
      <Filter>Файлы заголовков\Info</Filter>
    </ClInclude>
    <ClInclude Include="include\Common\Diagnostics\Diagnostics.hpp">
      <Filter>Файлы заголовков\Info</Filter>
    </ClInclude>
    <ClInclude Include="include\Common\Strings\StringOperations.hpp">
      <Filter>Файлы заголовков\Info</Filter>
    </ClInclude>
    <ClInclude Include="include\Compiler.hpp">
      <Filter>Файлы заголовков</Filter>
    </ClInclude>
    <ClInclude Include="include\IR\PseudoTranslation\Postfix\APSTBuilder.hpp">
      <Filter>Файлы заголовков\IR\Pseudo</Filter>
    </ClInclude>
    <ClInclude Include="include\IR\PseudoTranslation\ExpressionsTranslator.hpp">
      <Filter>Файлы заголовков\IR\Pseudo</Filter>
    </ClInclude>
    <ClInclude Include="include\IR\PseudoTranslation\Postfix\PostfixBuilder.hpp">
      <Filter>Файлы заголовков\IR\Pseudo</Filter>
    </ClInclude>
    <ClInclude Include="include\IR\PseudoTranslation\Postfix\PostfixInfo.hpp">
      <Filter>Файлы заголовков\IR\Pseudo</Filter>
    </ClInclude>
    <ClInclude Include="include\IR\PseudoTranslation\PseudoDebugInfo.hpp">
      <Filter>Файлы заголовков\IR\Pseudo</Filter>
    </ClInclude>
    <ClInclude Include="include\IR\PseudoTranslation\PseudoTranslationsInfo.hpp">
      <Filter>Файлы заголовков\IR\Pseudo</Filter>
    </ClInclude>
    <ClInclude Include="include\IR\PseudoTranslation\PseudoTranslator.hpp">
      <Filter>Файлы заголовков\IR\Pseudo</Filter>
    </ClInclude>
    <ClInclude Include="include\IR\ByteTranslation\ByteTranslationInfo.hpp">
      <Filter>Файлы заголовков\IR\Byte</Filter>
    </ClInclude>
    <ClInclude Include="include\IR\ByteTranslation\ByteTranslator.hpp">
      <Filter>Файлы заголовков\IR\Byte</Filter>
    </ClInclude>
  </ItemGroup>
  <ItemGroup>
    <Text Include="..\MSLsyntax.txt">
      <Filter>Исходные файлы</Filter>
    </Text>
  </ItemGroup>
</Project>